<?xml version="1.0" encoding="utf-8"?>
<Project ToolsVersion="4.0" xmlns="http://schemas.microsoft.com/developer/msbuild/2003">
  <ItemGroup>
    <Filter Include="Engine">
      <UniqueIdentifier>{e248d111-4767-4f89-ac69-407b580b6210}</UniqueIdentifier>
    </Filter>
    <Filter Include="Windows">
      <UniqueIdentifier>{e674cf8d-f398-43b0-9a07-8756233e9e80}</UniqueIdentifier>
    </Filter>
    <Filter Include="Windows\Resource">
      <UniqueIdentifier>{67DA6AB6-F800-4c08-8B7A-83BB121AAD01}</UniqueIdentifier>
      <Extensions>rc;ico;cur;bmp;dlg;rc2;rct;bin;rgs;gif;jpg;jpeg;jpe;resx;tiff;tif;png;wav;mfcribbon-ms</Extensions>
    </Filter>
    <Filter Include="Windows\Header">
      <UniqueIdentifier>{93995380-89BD-4b04-88EB-625FBE52EBFB}</UniqueIdentifier>
      <Extensions>h;hh;hpp;hxx;h++;hm;inl;inc;ipp;xsd</Extensions>
    </Filter>
    <Filter Include="Engine\Common">
      <UniqueIdentifier>{51be7b22-d132-4e21-a7a6-a4bf143a13e3}</UniqueIdentifier>
    </Filter>
    <Filter Include="Engine\Input">
      <UniqueIdentifier>{8897bc37-afff-4b79-803b-5e152ce5452c}</UniqueIdentifier>
    </Filter>
    <Filter Include="Engine\Layer">
      <UniqueIdentifier>{d5630a40-c326-4e04-b395-f238ae905225}</UniqueIdentifier>
    </Filter>
    <Filter Include="Engine\Entity">
      <UniqueIdentifier>{b91cb387-7dea-4a1b-a6c3-a621fd69b85d}</UniqueIdentifier>
    </Filter>
    <Filter Include="Engine\Component">
      <UniqueIdentifier>{d4208f4d-3c9b-4a18-bb41-ef0a12ab0fb5}</UniqueIdentifier>
    </Filter>
    <Filter Include="Engine\Component\Transform">
      <UniqueIdentifier>{fe64657c-32ec-4aa7-8616-c7b6726594bb}</UniqueIdentifier>
    </Filter>
    <Filter Include="Engine\Time">
      <UniqueIdentifier>{0bef4d03-36ee-47a1-a058-d5a452207fe2}</UniqueIdentifier>
    </Filter>
    <Filter Include="Engine\Common\Time">
      <UniqueIdentifier>{97ef6ff3-a4de-42a5-bb47-6ee1a727a6e0}</UniqueIdentifier>
    </Filter>
    <Filter Include="Engine\Scene">
      <UniqueIdentifier>{1446fd1a-66a8-4ef2-a52b-21ca479d8cb8}</UniqueIdentifier>
    </Filter>
    <Filter Include="Engine\Component\SpriteRenderer">
      <UniqueIdentifier>{a1fbe136-f545-4d2b-9d69-e5f8dcfd8965}</UniqueIdentifier>
    </Filter>
    <Filter Include="Engine\Resource">
      <UniqueIdentifier>{de1860cc-e40d-48e6-bedb-ac580ef19525}</UniqueIdentifier>
    </Filter>
    <Filter Include="Contents">
      <UniqueIdentifier>{d04c81a5-efaf-401d-8a92-396ba1b18f54}</UniqueIdentifier>
    </Filter>
    <Filter Include="Contents\GameObject">
      <UniqueIdentifier>{0fe7f471-ae9f-4658-b0f3-69d6ea1efed2}</UniqueIdentifier>
    </Filter>
    <Filter Include="Contents\GameObject\Player">
      <UniqueIdentifier>{a34fb312-3708-4c7a-8680-03b9b7c68634}</UniqueIdentifier>
    </Filter>
    <Filter Include="Contents\Scene">
      <UniqueIdentifier>{2921257a-7fb9-4fb0-a431-7dfc7a4816c7}</UniqueIdentifier>
    </Filter>
    <Filter Include="Contents\GameObject\BackGround">
      <UniqueIdentifier>{8577031d-ecf9-485d-95c2-ebbf29e811e0}</UniqueIdentifier>
    </Filter>
    <Filter Include="Contents\Scene\LobbyScene">
      <UniqueIdentifier>{3d5fd035-7108-4362-aa37-2c8d926b23f1}</UniqueIdentifier>
    </Filter>
    <Filter Include="Contents\Scene\PlayScene">
      <UniqueIdentifier>{8b0d025e-b072-4c38-ad38-19788724764c}</UniqueIdentifier>
    </Filter>
    <Filter Include="Contents\Scene\TitleScene">
      <UniqueIdentifier>{f70199ff-3f33-4ae4-a4e7-9800cb3d6e85}</UniqueIdentifier>
    </Filter>
    <Filter Include="Engine\Resource\Texture">
      <UniqueIdentifier>{bcd63fb8-6d98-4d2f-99b0-5ad857fdd3fc}</UniqueIdentifier>
    </Filter>
    <Filter Include="Engine\Camera">
      <UniqueIdentifier>{ea824e1a-7074-4b32-a2a6-4afaea29a468}</UniqueIdentifier>
    </Filter>
    <Filter Include="Engine\Resource\Animation">
      <UniqueIdentifier>{c7971219-f4cd-4b19-ae35-672af9488b11}</UniqueIdentifier>
    </Filter>
    <Filter Include="Engine\Component\Animator">
      <UniqueIdentifier>{399147c9-d1e5-4c14-8a3d-078f3359eb56}</UniqueIdentifier>
    </Filter>
    <Filter Include="Contents\GameObject\Player\Dao">
      <UniqueIdentifier>{30997ebc-a279-4ee0-9575-8f53836d21cc}</UniqueIdentifier>
    </Filter>
    <Filter Include="Contents\GameObject\Player\Bazzi">
      <UniqueIdentifier>{d1a3ac28-3181-44b9-b5cb-d999093fbfd3}</UniqueIdentifier>
    </Filter>
    <Filter Include="Contents\Scene\PlayScene\Forest">
      <UniqueIdentifier>{8d4c0f37-7e83-4665-bdc6-2aa1e3e8e2ac}</UniqueIdentifier>
    </Filter>
    <Filter Include="Contents\Scene\PlayScene\Ice">
      <UniqueIdentifier>{b8e2bafa-4a1d-4bcf-8284-44060d0f2e37}</UniqueIdentifier>
    </Filter>
    <Filter Include="Contents\Scene\PlayScene\Pirate">
      <UniqueIdentifier>{41d447aa-92ac-4e04-a0dd-544aea5e7157}</UniqueIdentifier>
    </Filter>
    <Filter Include="Contents\Scene\PlayScene\Forest\Stage1">
      <UniqueIdentifier>{58f4e5b0-e2a0-4d1d-a1bb-fe01d5b75413}</UniqueIdentifier>
    </Filter>
    <Filter Include="Contents\Scene\PlayScene\Forest\Stage2">
      <UniqueIdentifier>{db29766e-37e0-4506-8d18-98ea24d03ad3}</UniqueIdentifier>
    </Filter>
    <Filter Include="Contents\Scene\PlayScene\Forest\Stage3">
      <UniqueIdentifier>{9d376b67-254c-4955-8f4f-93945e268d8d}</UniqueIdentifier>
    </Filter>
    <Filter Include="Contents\Scene\PlayScene\Ice\Stage1">
      <UniqueIdentifier>{66383e57-8997-4246-b4e8-59a0e9216db5}</UniqueIdentifier>
    </Filter>
    <Filter Include="Contents\Scene\PlayScene\Ice\Stage2">
      <UniqueIdentifier>{439a80f9-3027-44a6-bba9-63785d48cada}</UniqueIdentifier>
    </Filter>
    <Filter Include="Contents\Scene\PlayScene\Ice\Stage3">
      <UniqueIdentifier>{01fdc0b9-04f8-4e0a-8292-66b922c35441}</UniqueIdentifier>
    </Filter>
    <Filter Include="Contents\Scene\PlayScene\Pirate\Stage1">
      <UniqueIdentifier>{09befc04-fedb-4435-b13c-f4a3943d603a}</UniqueIdentifier>
    </Filter>
    <Filter Include="Contents\Scene\PlayScene\Pirate\Stage2">
      <UniqueIdentifier>{4afa0543-244e-4fd0-a771-18ef5649048c}</UniqueIdentifier>
    </Filter>
    <Filter Include="Contents\Scene\PlayScene\Pirate\Stage3">
      <UniqueIdentifier>{74fdf236-71e6-4f60-abf4-0867c86911ba}</UniqueIdentifier>
    </Filter>
    <Filter Include="Engine\Collision">
      <UniqueIdentifier>{25a006c3-a8b1-4bed-a390-6deaf03572e4}</UniqueIdentifier>
    </Filter>
    <Filter Include="Engine\Component\Collider">
      <UniqueIdentifier>{de6576a6-99f5-4d2e-8458-1fd9f08181b8}</UniqueIdentifier>
    </Filter>
    <Filter Include="Engine\Component\Rigidbody">
      <UniqueIdentifier>{9f0a219b-b735-4652-8dcb-afab0bb9a6fe}</UniqueIdentifier>
    </Filter>
    <Filter Include="Contents\GameObject\Effect">
      <UniqueIdentifier>{ee8b8a0a-68c6-4ea6-b146-266fe7a50be0}</UniqueIdentifier>
    </Filter>
    <Filter Include="Contents\GameObject\UI">
      <UniqueIdentifier>{6f6f4f04-f5b3-4762-ab36-247e78a998ca}</UniqueIdentifier>
    </Filter>
    <Filter Include="Contents\GameObject\Effect\Bomb">
      <UniqueIdentifier>{9525be81-90b4-4c8f-821e-d86f6ee436ca}</UniqueIdentifier>
    </Filter>
    <Filter Include="Contents\GameObject\Floor">
      <UniqueIdentifier>{f26d2e73-92ba-456e-8767-4d16a45e6760}</UniqueIdentifier>
    </Filter>
    <Filter Include="Tool">
      <UniqueIdentifier>{400acc3e-2f22-491f-829d-1423a2ea0313}</UniqueIdentifier>
    </Filter>
    <Filter Include="Engine\High Level Interface">
      <UniqueIdentifier>{6e2b8040-93be-4c51-9a2c-68ec2aa60d2b}</UniqueIdentifier>
    </Filter>
    <Filter Include="Engine\Sound">
      <UniqueIdentifier>{c998c78d-e645-4062-8d39-2f23f71144eb}</UniqueIdentifier>
    </Filter>
    <Filter Include="Contents\GameObject\Item">
      <UniqueIdentifier>{dc1fcdc9-6412-45e1-9edf-af16c3b6d2e7}</UniqueIdentifier>
    </Filter>
    <Filter Include="Contents\GameObject\Item\Kind of Item">
      <UniqueIdentifier>{42cfe067-cb22-4bb2-8085-851123d2df62}</UniqueIdentifier>
    </Filter>
    <Filter Include="Contents\GameObject\Monster">
      <UniqueIdentifier>{2d46bbae-44e8-4f58-be86-2072c7169ad4}</UniqueIdentifier>
    </Filter>
    <Filter Include="Contents\GameObject\Monster\ForestMap">
      <UniqueIdentifier>{aada2a00-e98f-45a2-9b49-225d09872b2a}</UniqueIdentifier>
    </Filter>
    <Filter Include="Contents\GameObject\Monster\ForestMap\ForestBoss">
      <UniqueIdentifier>{529ab22c-e29e-420f-88e0-d05b607b675c}</UniqueIdentifier>
    </Filter>
    <Filter Include="Contents\GameObject\Monster\IceMap">
      <UniqueIdentifier>{92826606-c928-4c48-a8bd-691a143a0055}</UniqueIdentifier>
    </Filter>
    <Filter Include="Contents\GameObject\Monster\IceMap\IceBoss">
      <UniqueIdentifier>{7065e99e-5a9c-448f-b9b7-858242169098}</UniqueIdentifier>
    </Filter>
    <Filter Include="Contents\GameObject\ObjectCollider">
      <UniqueIdentifier>{d91bf59e-3ea9-4441-8a49-81c124fe428c}</UniqueIdentifier>
    </Filter>
    <Filter Include="Contents\GameObject\Monster\PiateMap">
      <UniqueIdentifier>{7a366313-d81f-4598-b314-08cbab2cad1b}</UniqueIdentifier>
    </Filter>
    <Filter Include="Contents\GameObject\Monster\PiateMap\PirateBoss">
      <UniqueIdentifier>{34e53a8a-377e-470a-ae25-adc5817bca0e}</UniqueIdentifier>
    </Filter>
    <Filter Include="Contents\GameObject\Effect\Steam">
      <UniqueIdentifier>{c0188692-4d26-4f72-8a5f-ce4e12b9d9fc}</UniqueIdentifier>
    </Filter>
    <Filter Include="Contents\GameObject\Effect\Shield">
      <UniqueIdentifier>{3a0c2d28-e0c2-4f68-a241-a37f446a6001}</UniqueIdentifier>
    </Filter>
    <Filter Include="GameObject">
      <UniqueIdentifier>{87ea9720-f4e1-4c88-890f-756fa88d94ec}</UniqueIdentifier>
    </Filter>
    <Filter Include="Contents\GameObject\Effect\Bomb\BossBomb">
      <UniqueIdentifier>{99447d71-8517-4db4-9a90-b90e737711ff}</UniqueIdentifier>
    </Filter>
    <Filter Include="Contents\GameObject\UI\StagePick">
      <UniqueIdentifier>{8b9c001e-330b-45f8-924d-c3bbc8685702}</UniqueIdentifier>
    </Filter>
    <Filter Include="Contents\GameObject\UI\Timer">
      <UniqueIdentifier>{d9ea2808-1806-4c2f-a506-46a1cf399a8b}</UniqueIdentifier>
    </Filter>
    <Filter Include="Contents\GameObject\UI\WinLose">
      <UniqueIdentifier>{0dace57c-4998-48b9-bad9-0867f39e6920}</UniqueIdentifier>
    </Filter>
    <Filter Include="Contents\GameObject\UI\GameStart">
      <UniqueIdentifier>{7fba7388-f376-4405-ae6d-bad14fe079c0}</UniqueIdentifier>
    </Filter>
    <Filter Include="Contents\GameObject\UI\CharactorSelect">
      <UniqueIdentifier>{9f3af0a7-ff4b-4a92-a6cf-f3fba80a1a6d}</UniqueIdentifier>
    </Filter>
    <Filter Include="Contents\GameObject\UI\UseItem">
      <UniqueIdentifier>{149d259c-cf23-47c0-a1de-e7d148711b02}</UniqueIdentifier>
    </Filter>
  </ItemGroup>
  <ItemGroup>
    <ClInclude Include="framework.h">
      <Filter>Windows\Header</Filter>
    </ClInclude>
    <ClInclude Include="targetver.h">
      <Filter>Windows\Header</Filter>
    </ClInclude>
    <ClInclude Include="Resource.h">
      <Filter>Windows\Header</Filter>
    </ClInclude>
    <ClInclude Include="Client.h">
      <Filter>Windows\Header</Filter>
    </ClInclude>
    <ClInclude Include="CommonInclude.h">
      <Filter>Engine\Common</Filter>
    </ClInclude>
    <ClInclude Include="hyMath.h">
      <Filter>Engine\Common</Filter>
    </ClInclude>
    <ClInclude Include="hyApplication.h">
      <Filter>Engine\High Level Interface</Filter>
    </ClInclude>
    <ClInclude Include="hyInput.h">
      <Filter>Engine\Input</Filter>
    </ClInclude>
    <ClInclude Include="hyScene.h">
      <Filter>Engine\Scene</Filter>
    </ClInclude>
    <ClInclude Include="hyLayer.h">
      <Filter>Engine\Layer</Filter>
    </ClInclude>
    <ClInclude Include="hyEntity.h">
      <Filter>Engine\Entity</Filter>
    </ClInclude>
    <ClInclude Include="hyTransform.h">
      <Filter>Engine\Component\Transform</Filter>
    </ClInclude>
    <ClInclude Include="hyComponent.h">
      <Filter>Engine\Component</Filter>
    </ClInclude>
    <ClInclude Include="hyObject.h">
      <Filter>GameObject</Filter>
    </ClInclude>
    <ClInclude Include="hySceneManager.h">
      <Filter>Engine\Scene</Filter>
    </ClInclude>
    <ClInclude Include="hyGameObject.h">
      <Filter>Engine</Filter>
    </ClInclude>
    <ClInclude Include="hyTime.h">
      <Filter>Engine\Common\Time</Filter>
    </ClInclude>
    <ClInclude Include="hyTitleScene.h">
      <Filter>Contents\Scene\TitleScene</Filter>
    </ClInclude>
    <ClInclude Include="hyLobbyScene.h">
      <Filter>Contents\Scene\LobbyScene</Filter>
    </ClInclude>
    <ClInclude Include="hyPlayScene.h">
      <Filter>Contents\Scene\PlayScene</Filter>
    </ClInclude>
    <ClInclude Include="hySpriteRenderer.h">
      <Filter>Engine\Component\SpriteRenderer</Filter>
    </ClInclude>
    <ClInclude Include="hyResource.h">
      <Filter>Engine\Resource</Filter>
    </ClInclude>
    <ClInclude Include="hyResources.h">
      <Filter>Engine\Resource</Filter>
    </ClInclude>
    <ClInclude Include="hyTexture.h">
      <Filter>Engine\Resource\Texture</Filter>
    </ClInclude>
    <ClInclude Include="hyBackGround.h">
      <Filter>Contents\GameObject\BackGround</Filter>
    </ClInclude>
    <ClInclude Include="hyCamera.h">
      <Filter>Engine\Camera</Filter>
    </ClInclude>
    <ClInclude Include="hyAnimation.h">
      <Filter>Engine\Resource\Animation</Filter>
    </ClInclude>
    <ClInclude Include="hyAnimator.h">
      <Filter>Engine\Component\Animator</Filter>
    </ClInclude>
    <ClInclude Include="hyDao.h">
      <Filter>Contents\GameObject\Player\Dao</Filter>
    </ClInclude>
    <ClInclude Include="hyForestMonster.h">
      <Filter>Contents\GameObject\Monster\ForestMap</Filter>
    </ClInclude>
    <ClInclude Include="hyPirateMonster.h">
      <Filter>Contents\GameObject\Monster\PiateMap</Filter>
    </ClInclude>
    <ClInclude Include="hyForestBoss.h">
      <Filter>Contents\GameObject\Monster\ForestMap\ForestBoss</Filter>
    </ClInclude>
    <ClInclude Include="hyIceBoss.h">
      <Filter>Contents\GameObject\Monster\IceMap\IceBoss</Filter>
    </ClInclude>
    <ClInclude Include="hyPirateBoss.h">
      <Filter>Contents\GameObject\Monster\PiateMap\PirateBoss</Filter>
    </ClInclude>
    <ClInclude Include="hyForestMap1.h">
      <Filter>Contents\Scene\PlayScene\Forest\Stage1</Filter>
    </ClInclude>
    <ClInclude Include="hyIceMap1.h">
      <Filter>Contents\Scene\PlayScene\Ice\Stage1</Filter>
    </ClInclude>
    <ClInclude Include="hyPirateMap1.h">
      <Filter>Contents\Scene\PlayScene\Pirate\Stage1</Filter>
    </ClInclude>
    <ClInclude Include="hyForestMap2.h">
      <Filter>Contents\Scene\PlayScene\Forest\Stage2</Filter>
    </ClInclude>
    <ClInclude Include="hyForestMap3.h">
      <Filter>Contents\Scene\PlayScene\Forest\Stage3</Filter>
    </ClInclude>
    <ClInclude Include="hyIceMap2.h">
      <Filter>Contents\Scene\PlayScene\Ice\Stage2</Filter>
    </ClInclude>
    <ClInclude Include="hyIceMap3.h">
      <Filter>Contents\Scene\PlayScene\Ice\Stage3</Filter>
    </ClInclude>
    <ClInclude Include="hyPirateMap2.h">
      <Filter>Contents\Scene\PlayScene\Pirate\Stage2</Filter>
    </ClInclude>
    <ClInclude Include="hyPirateMap3.h">
      <Filter>Contents\Scene\PlayScene\Pirate\Stage3</Filter>
    </ClInclude>
    <ClInclude Include="hyCollisionManager.h">
      <Filter>Engine\Collision</Filter>
    </ClInclude>
    <ClInclude Include="hyCollider.h">
      <Filter>Engine\Component\Collider</Filter>
    </ClInclude>
    <ClInclude Include="hyRigidbody.h">
      <Filter>Engine\Component\Rigidbody</Filter>
    </ClInclude>
    <ClInclude Include="hyBomb.h">
      <Filter>Contents\GameObject\Effect\Bomb</Filter>
    </ClInclude>
    <ClInclude Include="hyIceMonster.h">
      <Filter>Contents\GameObject\Monster\IceMap</Filter>
    </ClInclude>
    <ClInclude Include="hyFloor.h">
      <Filter>Contents\GameObject\Floor</Filter>
    </ClInclude>
    <ClInclude Include="hyTile.h">
      <Filter>Tool</Filter>
    </ClInclude>
    <ClInclude Include="hyToolScene.h">
      <Filter>Contents\Scene</Filter>
    </ClInclude>
    <ClInclude Include="hySoundManager.h">
      <Filter>Engine\Sound</Filter>
    </ClInclude>
    <ClInclude Include="hySound.h">
      <Filter>Engine\Sound</Filter>
    </ClInclude>
    <ClInclude Include="hyItem.h">
      <Filter>Contents\GameObject\Item</Filter>
    </ClInclude>
    <ClInclude Include="hyLogoScene.h">
      <Filter>Contents\Scene\TitleScene</Filter>
    </ClInclude>
    <ClInclude Include="hyVelocitySkate.h">
      <Filter>Contents\GameObject\Item\Kind of Item</Filter>
    </ClInclude>
    <ClInclude Include="hyShield.h">
      <Filter>Contents\GameObject\Item\Kind of Item</Filter>
    </ClInclude>
    <ClInclude Include="hyPotionMax.h">
      <Filter>Contents\GameObject\Item\Kind of Item</Filter>
    </ClInclude>
    <ClInclude Include="hyPotion.h">
      <Filter>Contents\GameObject\Item\Kind of Item</Filter>
    </ClInclude>
    <ClInclude Include="hyNeedle.h">
      <Filter>Contents\GameObject\Item\Kind of Item</Filter>
    </ClInclude>
    <ClInclude Include="hyDevil.h">
      <Filter>Contents\GameObject\Item\Kind of Item</Filter>
    </ClInclude>
    <ClInclude Include="hyBalloon.h">
      <Filter>Contents\GameObject\Item\Kind of Item</Filter>
    </ClInclude>
    <ClInclude Include="hyUserItem.h">
      <Filter>Contents\GameObject\Item</Filter>
    </ClInclude>
    <ClInclude Include="hyBombFlow.h">
      <Filter>Contents\GameObject\Effect\Bomb</Filter>
    </ClInclude>
    <ClInclude Include="hyObjectCollider.h">
      <Filter>Contents\GameObject\ObjectCollider</Filter>
    </ClInclude>
    <ClInclude Include="hyUI.h">
      <Filter>Contents\GameObject\UI</Filter>
    </ClInclude>
    <ClInclude Include="hyShieldEffect.h">
      <Filter>Contents\GameObject\Effect\Shield</Filter>
    </ClInclude>
    <ClInclude Include="hySteam.h">
      <Filter>Contents\GameObject\Effect\Steam</Filter>
    </ClInclude>
    <ClInclude Include="hyBazzi.h">
      <Filter>Contents\GameObject\Player\Bazzi</Filter>
    </ClInclude>
    <ClInclude Include="hyLogo.h">
      <Filter>Contents\GameObject\BackGround</Filter>
    </ClInclude>
    <ClInclude Include="hyBossBomb.h">
      <Filter>Contents\GameObject\Effect\Bomb\BossBomb</Filter>
    </ClInclude>
    <ClInclude Include="hyStagePick.h">
      <Filter>Contents\GameObject\UI\StagePick</Filter>
    </ClInclude>
    <ClInclude Include="hyTen_Second.h">
      <Filter>Contents\GameObject\UI\Timer</Filter>
    </ClInclude>
    <ClInclude Include="hySecond.h">
      <Filter>Contents\GameObject\UI\Timer</Filter>
    </ClInclude>
    <ClInclude Include="hyMinutes.h">
      <Filter>Contents\GameObject\UI\Timer</Filter>
    </ClInclude>
    <ClInclude Include="hyDot.h">
      <Filter>Contents\GameObject\UI\Timer</Filter>
    </ClInclude>
    <ClInclude Include="hyWin_Lose.h">
      <Filter>Contents\GameObject\UI\WinLose</Filter>
    </ClInclude>
    <ClInclude Include="hyGameStart.h">
      <Filter>Contents\GameObject\UI\GameStart</Filter>
    </ClInclude>
    <ClInclude Include="hyCharactorSelect.h">
      <Filter>Contents\GameObject\UI\CharactorSelect</Filter>
    </ClInclude>
    <ClInclude Include="hyDaoBomb.h">
      <Filter>Contents\GameObject\Effect\Bomb</Filter>
    </ClInclude>
    <ClInclude Include="hyLobbyCharactor.h">
      <Filter>Contents\GameObject\UI\CharactorSelect</Filter>
    </ClInclude>
    <ClInclude Include="hyItemUI.h">
      <Filter>Contents\GameObject\UI\UseItem</Filter>
    </ClInclude>
  </ItemGroup>
  <ItemGroup>
    <ResourceCompile Include="Client.rc">
      <Filter>Windows\Resource</Filter>
    </ResourceCompile>
  </ItemGroup>
  <ItemGroup>
    <Image Include="small.ico">
      <Filter>Windows\Resource</Filter>
    </Image>
    <Image Include="Client.ico">
      <Filter>Windows\Resource</Filter>
    </Image>
    <Image Include="..\Resources\Image\Mouse\mouse.bmp">
      <Filter>Windows\Resource</Filter>
    </Image>
  </ItemGroup>
  <ItemGroup>
    <ClCompile Include="hyApplication.cpp">
      <Filter>Engine\High Level Interface</Filter>
    </ClCompile>
    <ClCompile Include="hynput.cpp">
      <Filter>Engine\Input</Filter>
    </ClCompile>
    <ClCompile Include="main.cpp" />
    <ClCompile Include="hyScene.cpp">
      <Filter>Engine\Scene</Filter>
    </ClCompile>
    <ClCompile Include="hyLayer.cpp">
      <Filter>Engine\Layer</Filter>
    </ClCompile>
    <ClCompile Include="hyEntity.cpp">
      <Filter>Engine\Entity</Filter>
    </ClCompile>
    <ClCompile Include="hyTransform.cpp">
      <Filter>Engine\Component\Transform</Filter>
    </ClCompile>
    <ClCompile Include="hyComponent.cpp">
      <Filter>Engine\Component</Filter>
    </ClCompile>
    <ClCompile Include="hySceneManager.cpp">
      <Filter>Engine\Scene</Filter>
    </ClCompile>
    <ClCompile Include="hyGameObject.cpp">
      <Filter>Engine</Filter>
    </ClCompile>
    <ClCompile Include="hyTime.cpp">
      <Filter>Engine\Common\Time</Filter>
    </ClCompile>
    <ClCompile Include="hyTitleScene.cpp">
      <Filter>Contents\Scene\TitleScene</Filter>
    </ClCompile>
    <ClCompile Include="hyLobbyScene.cpp">
      <Filter>Contents\Scene\LobbyScene</Filter>
    </ClCompile>
    <ClCompile Include="hyPlayScene.cpp">
      <Filter>Contents\Scene\PlayScene</Filter>
    </ClCompile>
    <ClCompile Include="hySpriteRenderer.cpp">
      <Filter>Engine\Component\SpriteRenderer</Filter>
    </ClCompile>
    <ClCompile Include="hyResource.cpp">
      <Filter>Engine\Resource</Filter>
    </ClCompile>
    <ClCompile Include="hyResources.cpp">
      <Filter>Engine\Resource</Filter>
    </ClCompile>
    <ClCompile Include="hyTexture.cpp">
      <Filter>Engine\Resource\Texture</Filter>
    </ClCompile>
    <ClCompile Include="hyBackGround.cpp">
      <Filter>Contents\GameObject\BackGround</Filter>
    </ClCompile>
    <ClCompile Include="hyMath.cpp">
      <Filter>Engine\Common</Filter>
    </ClCompile>
    <ClCompile Include="hyCamera.cpp">
      <Filter>Engine\Camera</Filter>
    </ClCompile>
    <ClCompile Include="hyAnimation.cpp">
      <Filter>Engine\Resource\Animation</Filter>
    </ClCompile>
    <ClCompile Include="hyAnimator.cpp">
      <Filter>Engine\Component\Animator</Filter>
    </ClCompile>
    <ClCompile Include="hyDao.cpp">
      <Filter>Contents\GameObject\Player\Dao</Filter>
    </ClCompile>
    <ClCompile Include="hyBazzi.cpp">
      <Filter>Contents\GameObject\Player\Bazzi</Filter>
    </ClCompile>
    <ClCompile Include="hyForestMonster.cpp">
      <Filter>Contents\GameObject\Monster\ForestMap</Filter>
    </ClCompile>
    <ClCompile Include="hyPirateMonster.cpp">
      <Filter>Contents\GameObject\Monster\PiateMap</Filter>
    </ClCompile>
    <ClCompile Include="hyForestBoss.cpp">
      <Filter>Contents\GameObject\Monster\ForestMap\ForestBoss</Filter>
    </ClCompile>
    <ClCompile Include="hyIceBoss.cpp">
      <Filter>Contents\GameObject\Monster\IceMap\IceBoss</Filter>
    </ClCompile>
    <ClCompile Include="hyPirateBoss.cpp">
      <Filter>Contents\GameObject\Monster\PiateMap\PirateBoss</Filter>
    </ClCompile>
    <ClCompile Include="hyForestMap1.cpp">
      <Filter>Contents\Scene\PlayScene\Forest\Stage1</Filter>
    </ClCompile>
    <ClCompile Include="hyIceMap1.cpp">
      <Filter>Contents\Scene\PlayScene\Ice\Stage1</Filter>
    </ClCompile>
    <ClCompile Include="hyPirateMap1.cpp">
      <Filter>Contents\Scene\PlayScene\Pirate\Stage1</Filter>
    </ClCompile>
    <ClCompile Include="hyForestMap2.cpp">
      <Filter>Contents\Scene\PlayScene\Forest\Stage2</Filter>
    </ClCompile>
    <ClCompile Include="hyForestMap3.cpp">
      <Filter>Contents\Scene\PlayScene\Forest\Stage3</Filter>
    </ClCompile>
    <ClCompile Include="hyIceMap2.cpp">
      <Filter>Contents\Scene\PlayScene\Ice\Stage2</Filter>
    </ClCompile>
    <ClCompile Include="hyIceMap3.cpp">
      <Filter>Contents\Scene\PlayScene\Ice\Stage3</Filter>
    </ClCompile>
    <ClCompile Include="hyPirateMap2.cpp">
      <Filter>Contents\Scene\PlayScene\Pirate\Stage2</Filter>
    </ClCompile>
    <ClCompile Include="hyPirateMap3.cpp">
      <Filter>Contents\Scene\PlayScene\Pirate\Stage3</Filter>
    </ClCompile>
    <ClCompile Include="hyCollisionManager.cpp">
      <Filter>Engine\Collision</Filter>
    </ClCompile>
    <ClCompile Include="hyCollider.cpp">
      <Filter>Engine\Component\Collider</Filter>
    </ClCompile>
    <ClCompile Include="hyRigidbody.cpp">
      <Filter>Engine\Component\Rigidbody</Filter>
    </ClCompile>
    <ClCompile Include="hyBomb.cpp">
      <Filter>Contents\GameObject\Effect\Bomb</Filter>
    </ClCompile>
    <ClCompile Include="hyIceMonster.cpp">
      <Filter>Contents\GameObject\Monster\IceMap</Filter>
    </ClCompile>
    <ClCompile Include="hyFloor.cpp">
      <Filter>Contents\GameObject\Floor</Filter>
    </ClCompile>
    <ClCompile Include="hyTile.cpp">
      <Filter>Tool</Filter>
    </ClCompile>
    <ClCompile Include="hyToolScene.cpp">
      <Filter>Contents\Scene</Filter>
    </ClCompile>
    <ClCompile Include="hySoundManager.cpp">
      <Filter>Engine\Sound</Filter>
    </ClCompile>
    <ClCompile Include="hySound.cpp">
      <Filter>Engine\Sound</Filter>
    </ClCompile>
    <ClCompile Include="hyItem.cpp">
      <Filter>Contents\GameObject\Item</Filter>
    </ClCompile>
    <ClCompile Include="hyLogoScene.cpp">
      <Filter>Contents\Scene\TitleScene</Filter>
    </ClCompile>
    <ClCompile Include="hyVelocitySkate.cpp">
      <Filter>Contents\GameObject\Item\Kind of Item</Filter>
    </ClCompile>
    <ClCompile Include="hyShield.cpp">
      <Filter>Contents\GameObject\Item\Kind of Item</Filter>
    </ClCompile>
    <ClCompile Include="hyPotionMax.cpp">
      <Filter>Contents\GameObject\Item\Kind of Item</Filter>
    </ClCompile>
    <ClCompile Include="hyPotion.cpp">
      <Filter>Contents\GameObject\Item\Kind of Item</Filter>
    </ClCompile>
    <ClCompile Include="hyNeedle.cpp">
      <Filter>Contents\GameObject\Item\Kind of Item</Filter>
    </ClCompile>
    <ClCompile Include="hyDevil.cpp">
      <Filter>Contents\GameObject\Item\Kind of Item</Filter>
    </ClCompile>
    <ClCompile Include="hyBalloon.cpp">
      <Filter>Contents\GameObject\Item\Kind of Item</Filter>
    </ClCompile>
    <ClCompile Include="hyUserItem.cpp">
      <Filter>Contents\GameObject\Item</Filter>
    </ClCompile>
    <ClCompile Include="hyBombFlow.cpp">
      <Filter>Contents\GameObject\Effect\Bomb</Filter>
    </ClCompile>
    <ClCompile Include="hyObjectCollider.cpp">
      <Filter>Contents\GameObject\ObjectCollider</Filter>
    </ClCompile>
    <ClCompile Include="hyUI.cpp">
      <Filter>Contents\GameObject\UI</Filter>
    </ClCompile>
    <ClCompile Include="hyShieldEffect.cpp">
      <Filter>Contents\GameObject\Effect\Shield</Filter>
    </ClCompile>
    <ClCompile Include="hySteam.cpp">
      <Filter>Contents\GameObject\Effect\Steam</Filter>
    </ClCompile>
    <ClCompile Include="hyLogo.cpp">
      <Filter>Contents\GameObject\BackGround</Filter>
    </ClCompile>
    <ClCompile Include="hyBossBomb.cpp">
      <Filter>Contents\GameObject\Effect\Bomb\BossBomb</Filter>
    </ClCompile>
    <ClCompile Include="hyStagePick.cpp">
      <Filter>Contents\GameObject\UI\StagePick</Filter>
    </ClCompile>
    <ClCompile Include="hyTen_Second.cpp">
      <Filter>Contents\GameObject\UI\Timer</Filter>
    </ClCompile>
    <ClCompile Include="hySecond.cpp">
      <Filter>Contents\GameObject\UI\Timer</Filter>
    </ClCompile>
    <ClCompile Include="hyMinutes.cpp">
      <Filter>Contents\GameObject\UI\Timer</Filter>
    </ClCompile>
    <ClCompile Include="hyDot.cpp">
      <Filter>Contents\GameObject\UI\Timer</Filter>
    </ClCompile>
    <ClCompile Include="hyWin_Lose.cpp">
      <Filter>Contents\GameObject\UI\WinLose</Filter>
    </ClCompile>
    <ClCompile Include="hyGameStart.cpp">
      <Filter>Contents\GameObject\UI\GameStart</Filter>
    </ClCompile>
    <ClCompile Include="hyCharactorSelect.cpp">
      <Filter>Contents\GameObject\UI\CharactorSelect</Filter>
    </ClCompile>
    <ClCompile Include="hyDaoBomb.cpp">
      <Filter>Contents\GameObject\Effect\Bomb</Filter>
    </ClCompile>
    <ClCompile Include="hyLobbyCharactor.cpp">
      <Filter>Contents\GameObject\UI\CharactorSelect</Filter>
    </ClCompile>
    <ClCompile Include="hyItemUI.cpp">
      <Filter>Contents\GameObject\UI\UseItem</Filter>
    </ClCompile>
  </ItemGroup>
  <ItemGroup>
    <None Include="cursor1.cur">
      <Filter>Windows\Resource</Filter>
    </None>
    <None Include="cursor2.cur">
      <Filter>Windows\Resource</Filter>
    </None>
    <None Include="..\resources\image\mouse\cursor3.cur">
      <Filter>Windows\Resource</Filter>
    </None>
  </ItemGroup>
</Project>